
Microsoft Visual Studio Solution File, Format Version 12.00
# Visual Studio Version 17
VisualStudioVersion = 17.11.35327.3
MinimumVisualStudioVersion = 10.0.40219.1
Project("{9A19103F-16F7-4668-BE54-9A1E7A4F7556}") = "Thales_DotNet_Developer_Test.Server", "Thales_DotNet_Developer_Test.Server\Thales_DotNet_Developer_Test.Server.csproj", "{F372148E-8727-4BE7-91B2-DF2C1F7B4CCE}"
EndProject
Project("{54A90642-561A-4BB1-A94E-469ADEE60C69}") = "thales_dotnet_developer_test.client", "thales_dotnet_developer_test.client\thales_dotnet_developer_test.client.esproj", "{3D2FFA2F-2204-4DDD-9B4A-C3D29AF4FBE9}"
EndProject
Project("{FAE04EC0-301F-11D3-BF4B-00C04F79EFBC}") = "Thales_DotNet_Developer_Test.ServerTests", "Thales_DotNet_Developer_Test.ServerTests\Thales_DotNet_Developer_Test.ServerTests.csproj", "{0A09A4ED-E644-4BB4-8EC6-020D7134A0EF}"
EndProject
Global
	GlobalSection(SolutionConfigurationPlatforms) = preSolution
		Debug|Any CPU = Debug|Any CPU
		Release|Any CPU = Release|Any CPU
	EndGlobalSection
	GlobalSection(ProjectConfigurationPlatforms) = postSolution
		{F372148E-8727-4BE7-91B2-DF2C1F7B4CCE}.Debug|Any CPU.ActiveCfg = Debug|Any CPU
		{F372148E-8727-4BE7-91B2-DF2C1F7B4CCE}.Debug|Any CPU.Build.0 = Debug|Any CPU
		{F372148E-8727-4BE7-91B2-DF2C1F7B4CCE}.Release|Any CPU.ActiveCfg = Release|Any CPU
		{F372148E-8727-4BE7-91B2-DF2C1F7B4CCE}.Release|Any CPU.Build.0 = Release|Any CPU
		{3D2FFA2F-2204-4DDD-9B4A-C3D29AF4FBE9}.Debug|Any CPU.ActiveCfg = Debug|Any CPU
		{3D2FFA2F-2204-4DDD-9B4A-C3D29AF4FBE9}.Debug|Any CPU.Build.0 = Debug|Any CPU
		{3D2FFA2F-2204-4DDD-9B4A-C3D29AF4FBE9}.Debug|Any CPU.Deploy.0 = Debug|Any CPU
		{3D2FFA2F-2204-4DDD-9B4A-C3D29AF4FBE9}.Release|Any CPU.ActiveCfg = Release|Any CPU
		{3D2FFA2F-2204-4DDD-9B4A-C3D29AF4FBE9}.Release|Any CPU.Build.0 = Release|Any CPU
		{3D2FFA2F-2204-4DDD-9B4A-C3D29AF4FBE9}.Release|Any CPU.Deploy.0 = Release|Any CPU
		{0A09A4ED-E644-4BB4-8EC6-020D7134A0EF}.Debug|Any CPU.ActiveCfg = Debug|Any CPU
		{0A09A4ED-E644-4BB4-8EC6-020D7134A0EF}.Debug|Any CPU.Build.0 = Debug|Any CPU
		{0A09A4ED-E644-4BB4-8EC6-020D7134A0EF}.Release|Any CPU.ActiveCfg = Release|Any CPU
		{0A09A4ED-E644-4BB4-8EC6-020D7134A0EF}.Release|Any CPU.Build.0 = Release|Any CPU
	EndGlobalSection
	GlobalSection(SolutionProperties) = preSolution
		HideSolutionNode = FALSE
	EndGlobalSection
	GlobalSection(ExtensibilityGlobals) = postSolution
		SolutionGuid = {B7F346A6-3B9C-4DEA-8840-E91DAF5E1623}
	EndGlobalSection
EndGlobal
